
Microsoft Visual Studio Solution File, Format Version 12.00
# Visual Studio 15
VisualStudioVersion = 15.0.26430.6
MinimumVisualStudioVersion = 10.0.40219.1
Project("{FAE04EC0-301F-11D3-BF4B-00C04F79EFBC}") = "Presentation", "Presentation\Presentation.csproj", "{A992ABEE-7892-48AF-B74A-B4148559EE04}"
EndProject
Project("{FAE04EC0-301F-11D3-BF4B-00C04F79EFBC}") = "SecurityService", "SecurityService\SecurityService.csproj", "{4BFA4347-452C-4F9D-B892-BE9B922D4CBF}"
EndProject
Global
	GlobalSection(SolutionConfigurationPlatforms) = preSolution
		Debug|Any CPU = Debug|Any CPU
		Release|Any CPU = Release|Any CPU
	EndGlobalSection
	GlobalSection(ProjectConfigurationPlatforms) = postSolution
		{A992ABEE-7892-48AF-B74A-B4148559EE04}.Debug|Any CPU.ActiveCfg = Debug|Any CPU
		{A992ABEE-7892-48AF-B74A-B4148559EE04}.Debug|Any CPU.Build.0 = Debug|Any CPU
		{A992ABEE-7892-48AF-B74A-B4148559EE04}.Release|Any CPU.ActiveCfg = Release|Any CPU
		{A992ABEE-7892-48AF-B74A-B4148559EE04}.Release|Any CPU.Build.0 = Release|Any CPU
		{4BFA4347-452C-4F9D-B892-BE9B922D4CBF}.Debug|Any CPU.ActiveCfg = Debug|Any CPU
		{4BFA4347-452C-4F9D-B892-BE9B922D4CBF}.Debug|Any CPU.Build.0 = Debug|Any CPU
		{4BFA4347-452C-4F9D-B892-BE9B922D4CBF}.Release|Any CPU.ActiveCfg = Release|Any CPU
		{4BFA4347-452C-4F9D-B892-BE9B922D4CBF}.Release|Any CPU.Build.0 = Release|Any CPU
	EndGlobalSection
	GlobalSection(SolutionProperties) = preSolution
		HideSolutionNode = FALSE
	EndGlobalSection
EndGlobal
